
Microsoft Visual Studio Solution File, Format Version 12.00
# Visual Studio Version 16
VisualStudioVersion = 16.0.29709.97
MinimumVisualStudioVersion = 10.0.40219.1
Project("{FAE04EC0-301F-11D3-BF4B-00C04F79EFBC}") = "AzureBlobStorageCrud.Server", "Server\AzureBlobStorageCrud.Server.csproj", "{0BF64C34-241E-4018-9A8E-782DDC25327F}"
EndProject
Project("{FAE04EC0-301F-11D3-BF4B-00C04F79EFBC}") = "AzureBlobStorageCrud.Client", "Client\AzureBlobStorageCrud.Client.csproj", "{CFA269BA-8C84-4F6A-82D8-BAB817D60F99}"
EndProject
Project("{FAE04EC0-301F-11D3-BF4B-00C04F79EFBC}") = "AzureBlobStorageCrud.Shared", "Shared\AzureBlobStorageCrud.Shared.csproj", "{61E566C5-E61B-4CF9-8C1F-53CF97842054}"
EndProject
Global
	GlobalSection(SolutionConfigurationPlatforms) = preSolution
		Debug|Any CPU = Debug|Any CPU
		Release|Any CPU = Release|Any CPU
	EndGlobalSection
	GlobalSection(ProjectConfigurationPlatforms) = postSolution
		{0BF64C34-241E-4018-9A8E-782DDC25327F}.Debug|Any CPU.ActiveCfg = Debug|Any CPU
		{0BF64C34-241E-4018-9A8E-782DDC25327F}.Debug|Any CPU.Build.0 = Debug|Any CPU
		{0BF64C34-241E-4018-9A8E-782DDC25327F}.Release|Any CPU.ActiveCfg = Release|Any CPU
		{0BF64C34-241E-4018-9A8E-782DDC25327F}.Release|Any CPU.Build.0 = Release|Any CPU
		{CFA269BA-8C84-4F6A-82D8-BAB817D60F99}.Debug|Any CPU.ActiveCfg = Debug|Any CPU
		{CFA269BA-8C84-4F6A-82D8-BAB817D60F99}.Debug|Any CPU.Build.0 = Debug|Any CPU
		{CFA269BA-8C84-4F6A-82D8-BAB817D60F99}.Release|Any CPU.ActiveCfg = Release|Any CPU
		{CFA269BA-8C84-4F6A-82D8-BAB817D60F99}.Release|Any CPU.Build.0 = Release|Any CPU
		{61E566C5-E61B-4CF9-8C1F-53CF97842054}.Debug|Any CPU.ActiveCfg = Debug|Any CPU
		{61E566C5-E61B-4CF9-8C1F-53CF97842054}.Debug|Any CPU.Build.0 = Debug|Any CPU
		{61E566C5-E61B-4CF9-8C1F-53CF97842054}.Release|Any CPU.ActiveCfg = Release|Any CPU
		{61E566C5-E61B-4CF9-8C1F-53CF97842054}.Release|Any CPU.Build.0 = Release|Any CPU
	EndGlobalSection
	GlobalSection(SolutionProperties) = preSolution
		HideSolutionNode = FALSE
	EndGlobalSection
	GlobalSection(ExtensibilityGlobals) = postSolution
		SolutionGuid = {EF257040-1497-4C64-8B13-0A8DBD659C5E}
	EndGlobalSection
EndGlobal
